
Microsoft Visual Studio Solution File, Format Version 12.00
# Visual Studio Version 17
VisualStudioVersion = 17.3.32825.248
MinimumVisualStudioVersion = 10.0.40219.1
Project("{8BC9CEB8-8B4A-11D0-8D11-00A0C91BC942}") = "TypingTrainer", "TypingTrainer\TypingTrainer.vcxproj", "{CCBFE378-F498-4A36-AB1D-EA276AC1BA36}"
EndProject
Global
	GlobalSection(SolutionConfigurationPlatforms) = preSolution
		Debug|Win32 = Debug|Win32
		Debug|x64 = Debug|x64
		Debug|x86 = Debug|x86
		Release|Win32 = Release|Win32
		Release|x64 = Release|x64
		Release|x86 = Release|x86
	EndGlobalSection
	GlobalSection(ProjectConfigurationPlatforms) = postSolution
		{CCBFE378-F498-4A36-AB1D-EA276AC1BA36}.Debug|Win32.ActiveCfg = Debug|Win32
		{CCBFE378-F498-4A36-AB1D-EA276AC1BA36}.Debug|Win32.Build.0 = Debug|Win32
		{CCBFE378-F498-4A36-AB1D-EA276AC1BA36}.Debug|x64.ActiveCfg = Debug|x64
		{CCBFE378-F498-4A36-AB1D-EA276AC1BA36}.Debug|x64.Build.0 = Debug|x64
		{CCBFE378-F498-4A36-AB1D-EA276AC1BA36}.Debug|x86.ActiveCfg = Debug|Win32
		{CCBFE378-F498-4A36-AB1D-EA276AC1BA36}.Debug|x86.Build.0 = Debug|Win32
		{CCBFE378-F498-4A36-AB1D-EA276AC1BA36}.Release|Win32.ActiveCfg = Release|Win32
		{CCBFE378-F498-4A36-AB1D-EA276AC1BA36}.Release|Win32.Build.0 = Release|Win32
		{CCBFE378-F498-4A36-AB1D-EA276AC1BA36}.Release|x64.ActiveCfg = Release|x64
		{CCBFE378-F498-4A36-AB1D-EA276AC1BA36}.Release|x64.Build.0 = Release|x64
		{CCBFE378-F498-4A36-AB1D-EA276AC1BA36}.Release|x86.ActiveCfg = Release|Win32
		{CCBFE378-F498-4A36-AB1D-EA276AC1BA36}.Release|x86.Build.0 = Release|Win32
	EndGlobalSection
	GlobalSection(SolutionProperties) = preSolution
		HideSolutionNode = FALSE
	EndGlobalSection
	GlobalSection(ExtensibilityGlobals) = postSolution
		SolutionGuid = {307886BC-E8D4-48E0-BC63-4FD37489C562}
	EndGlobalSection
EndGlobal
